
Microsoft Visual Studio Solution File, Format Version 12.00
# Visual Studio Version 16
VisualStudioVersion = 16.0.31410.357
MinimumVisualStudioVersion = 10.0.40219.1
Project("{FAE04EC0-301F-11D3-BF4B-00C04F79EFBC}") = "TF4FileIphoneTest.Android", "TF4FileIphoneTest\TF4FileIphoneTest.Android\TF4FileIphoneTest.Android.csproj", "{C1DA75D7-0806-4684-80F3-5273CEE819F4}"
EndProject
Project("{FAE04EC0-301F-11D3-BF4B-00C04F79EFBC}") = "TF4FileIphoneTest.iOS", "TF4FileIphoneTest\TF4FileIphoneTest.iOS\TF4FileIphoneTest.iOS.csproj", "{105B5192-014E-4C3C-8B7E-10DC184D286C}"
EndProject
Project("{FAE04EC0-301F-11D3-BF4B-00C04F79EFBC}") = "TF4FileIphoneTest", "TF4FileIphoneTest\TF4FileIphoneTest\TF4FileIphoneTest.csproj", "{8BCE98F4-7481-41E4-81C7-E05CCEB1083B}"
EndProject
Global
	GlobalSection(SolutionConfigurationPlatforms) = preSolution
		Debug|Any CPU = Debug|Any CPU
		Debug|iPhone = Debug|iPhone
		Debug|iPhoneSimulator = Debug|iPhoneSimulator
		Release|Any CPU = Release|Any CPU
		Release|iPhone = Release|iPhone
		Release|iPhoneSimulator = Release|iPhoneSimulator
	EndGlobalSection
	GlobalSection(ProjectConfigurationPlatforms) = postSolution
		{C1DA75D7-0806-4684-80F3-5273CEE819F4}.Debug|Any CPU.ActiveCfg = Debug|Any CPU
		{C1DA75D7-0806-4684-80F3-5273CEE819F4}.Debug|Any CPU.Build.0 = Debug|Any CPU
		{C1DA75D7-0806-4684-80F3-5273CEE819F4}.Debug|Any CPU.Deploy.0 = Debug|Any CPU
		{C1DA75D7-0806-4684-80F3-5273CEE819F4}.Debug|iPhone.ActiveCfg = Debug|Any CPU
		{C1DA75D7-0806-4684-80F3-5273CEE819F4}.Debug|iPhone.Build.0 = Debug|Any CPU
		{C1DA75D7-0806-4684-80F3-5273CEE819F4}.Debug|iPhone.Deploy.0 = Debug|Any CPU
		{C1DA75D7-0806-4684-80F3-5273CEE819F4}.Debug|iPhoneSimulator.ActiveCfg = Debug|Any CPU
		{C1DA75D7-0806-4684-80F3-5273CEE819F4}.Debug|iPhoneSimulator.Build.0 = Debug|Any CPU
		{C1DA75D7-0806-4684-80F3-5273CEE819F4}.Debug|iPhoneSimulator.Deploy.0 = Debug|Any CPU
		{C1DA75D7-0806-4684-80F3-5273CEE819F4}.Release|Any CPU.ActiveCfg = Release|Any CPU
		{C1DA75D7-0806-4684-80F3-5273CEE819F4}.Release|Any CPU.Build.0 = Release|Any CPU
		{C1DA75D7-0806-4684-80F3-5273CEE819F4}.Release|Any CPU.Deploy.0 = Release|Any CPU
		{C1DA75D7-0806-4684-80F3-5273CEE819F4}.Release|iPhone.ActiveCfg = Release|Any CPU
		{C1DA75D7-0806-4684-80F3-5273CEE819F4}.Release|iPhone.Build.0 = Release|Any CPU
		{C1DA75D7-0806-4684-80F3-5273CEE819F4}.Release|iPhone.Deploy.0 = Release|Any CPU
		{C1DA75D7-0806-4684-80F3-5273CEE819F4}.Release|iPhoneSimulator.ActiveCfg = Release|Any CPU
		{C1DA75D7-0806-4684-80F3-5273CEE819F4}.Release|iPhoneSimulator.Build.0 = Release|Any CPU
		{C1DA75D7-0806-4684-80F3-5273CEE819F4}.Release|iPhoneSimulator.Deploy.0 = Release|Any CPU
		{105B5192-014E-4C3C-8B7E-10DC184D286C}.Debug|Any CPU.ActiveCfg = Debug|iPhone
		{105B5192-014E-4C3C-8B7E-10DC184D286C}.Debug|Any CPU.Build.0 = Debug|iPhone
		{105B5192-014E-4C3C-8B7E-10DC184D286C}.Debug|Any CPU.Deploy.0 = Debug|iPhone
		{105B5192-014E-4C3C-8B7E-10DC184D286C}.Debug|iPhone.ActiveCfg = Debug|iPhone
		{105B5192-014E-4C3C-8B7E-10DC184D286C}.Debug|iPhone.Build.0 = Debug|iPhone
		{105B5192-014E-4C3C-8B7E-10DC184D286C}.Debug|iPhone.Deploy.0 = Debug|iPhone
		{105B5192-014E-4C3C-8B7E-10DC184D286C}.Debug|iPhoneSimulator.ActiveCfg = Debug|iPhoneSimulator
		{105B5192-014E-4C3C-8B7E-10DC184D286C}.Debug|iPhoneSimulator.Build.0 = Debug|iPhoneSimulator
		{105B5192-014E-4C3C-8B7E-10DC184D286C}.Debug|iPhoneSimulator.Deploy.0 = Debug|iPhoneSimulator
		{105B5192-014E-4C3C-8B7E-10DC184D286C}.Release|Any CPU.ActiveCfg = Release|iPhoneSimulator
		{105B5192-014E-4C3C-8B7E-10DC184D286C}.Release|Any CPU.Build.0 = Release|iPhoneSimulator
		{105B5192-014E-4C3C-8B7E-10DC184D286C}.Release|Any CPU.Deploy.0 = Release|iPhoneSimulator
		{105B5192-014E-4C3C-8B7E-10DC184D286C}.Release|iPhone.ActiveCfg = Release|iPhone
		{105B5192-014E-4C3C-8B7E-10DC184D286C}.Release|iPhone.Build.0 = Release|iPhone
		{105B5192-014E-4C3C-8B7E-10DC184D286C}.Release|iPhone.Deploy.0 = Release|iPhone
		{105B5192-014E-4C3C-8B7E-10DC184D286C}.Release|iPhoneSimulator.ActiveCfg = Release|iPhoneSimulator
		{105B5192-014E-4C3C-8B7E-10DC184D286C}.Release|iPhoneSimulator.Build.0 = Release|iPhoneSimulator
		{105B5192-014E-4C3C-8B7E-10DC184D286C}.Release|iPhoneSimulator.Deploy.0 = Release|iPhoneSimulator
		{8BCE98F4-7481-41E4-81C7-E05CCEB1083B}.Debug|Any CPU.ActiveCfg = Debug|Any CPU
		{8BCE98F4-7481-41E4-81C7-E05CCEB1083B}.Debug|Any CPU.Build.0 = Debug|Any CPU
		{8BCE98F4-7481-41E4-81C7-E05CCEB1083B}.Debug|Any CPU.Deploy.0 = Debug|Any CPU
		{8BCE98F4-7481-41E4-81C7-E05CCEB1083B}.Debug|iPhone.ActiveCfg = Debug|Any CPU
		{8BCE98F4-7481-41E4-81C7-E05CCEB1083B}.Debug|iPhone.Build.0 = Debug|Any CPU
		{8BCE98F4-7481-41E4-81C7-E05CCEB1083B}.Debug|iPhone.Deploy.0 = Debug|Any CPU
		{8BCE98F4-7481-41E4-81C7-E05CCEB1083B}.Debug|iPhoneSimulator.ActiveCfg = Debug|Any CPU
		{8BCE98F4-7481-41E4-81C7-E05CCEB1083B}.Debug|iPhoneSimulator.Build.0 = Debug|Any CPU
		{8BCE98F4-7481-41E4-81C7-E05CCEB1083B}.Debug|iPhoneSimulator.Deploy.0 = Debug|Any CPU
		{8BCE98F4-7481-41E4-81C7-E05CCEB1083B}.Release|Any CPU.ActiveCfg = Release|Any CPU
		{8BCE98F4-7481-41E4-81C7-E05CCEB1083B}.Release|Any CPU.Build.0 = Release|Any CPU
		{8BCE98F4-7481-41E4-81C7-E05CCEB1083B}.Release|Any CPU.Deploy.0 = Release|Any CPU
		{8BCE98F4-7481-41E4-81C7-E05CCEB1083B}.Release|iPhone.ActiveCfg = Release|Any CPU
		{8BCE98F4-7481-41E4-81C7-E05CCEB1083B}.Release|iPhone.Build.0 = Release|Any CPU
		{8BCE98F4-7481-41E4-81C7-E05CCEB1083B}.Release|iPhone.Deploy.0 = Release|Any CPU
		{8BCE98F4-7481-41E4-81C7-E05CCEB1083B}.Release|iPhoneSimulator.ActiveCfg = Release|Any CPU
		{8BCE98F4-7481-41E4-81C7-E05CCEB1083B}.Release|iPhoneSimulator.Build.0 = Release|Any CPU
		{8BCE98F4-7481-41E4-81C7-E05CCEB1083B}.Release|iPhoneSimulator.Deploy.0 = Release|Any CPU
	EndGlobalSection
	GlobalSection(SolutionProperties) = preSolution
		HideSolutionNode = FALSE
	EndGlobalSection
	GlobalSection(ExtensibilityGlobals) = postSolution
		SolutionGuid = {AE0BE227-0D80-4A95-9ACD-ED158B0798AA}
	EndGlobalSection
EndGlobal
